github.com/Financial-Times/go-fthealth v0.0.0-20171204124831-1b007e2b37b7 h1:dkf1EOTiHXA2lG2EJuePEim6y0HEOPt0hcqsT/qUr/k=
github.com/Financial-Times/go-fthealth v0.0.0-20171204124831-1b007e2b37b7/go.mod h1:gpAzq6W5rCheYlY32JOIxS/VjVcYHbC2PkMzQngHT9c=
github.com/Financial-Times/message-queue-gonsumer v0.0.0-20170622111749-6f96a5cb1e34 h1:c9jv/62SBTFAADwgx5S8uOZdPDkbPFTX031mIC0v6Kg=
github.com/Financial-Times/message-queue-gonsumer v0.0.0-20170622111749-6f96a5cb1e34/go.mod h1:A88i3psx3Zm80Ai2OYTrwzKkZGKj+x5KL02z+YrRd10=
github.com/Financial-Times/service-status-go v0.0.0-20160323111542-3f5199736a3d h1:USNBTIof6vWGM49SYrxvC5Y8NqyDL3YuuYmID81ORZQ=
github.com/Financial-Times/service-status-go v0.0.0-20160323111542-3f5199736a3d/go.mod h1:7zULC9rrq6KxFkpB3Y5zNVaEwrf1g2m3dvXJBPDXyvM=
github.com/Financial-Times/uuid-utils-go v0.0.0-20170516110427-e22658edd0f1 h1:FXM7cqqPyGh2QZ8BRJA16Gr65/+/91KEFSPKyRM+Nd8=
github.com/Financial-Times/uuid-utils-go v0.0.0-20170516110427-e22658edd0f1/go.mod h1:i62wLwNq+NmRCQpZS5BLTKsOVYsTOxs9bSx7FgtxXwM=
github.com/Sirupsen/logrus v0.11.2 h1:Y9zFw+JCopoVWAZ2CP14LLaBCW7h3uhubyAt87zMNSA=
github.com/Sirupsen/logrus v0.11.2/go.mod h1:rmk17hk6i8ZSAJkSDa7nOxamrG+SP4P0mm+DAvExv4U=
github.com/coreos/etcd v0.5.0-alpha.5 h1:0Qi6Jzjk2CDuuGlIeecpu+em2nrjhOgz2wsIwCmQHmc=
github.com/coreos/etcd v3.3.22+incompatible h1:AnRMUyVdVvh1k7lHe61YEd227+CLoNogQuAypztGSK4=
github.com/coreos/etcd v3.3.22+incompatible/go.mod h1:uF7uidLiAD3TWHmW31ZFd/JWoc32PjwdhPthX9715RE=
github.com/coreos/go-semver v0.3.0 h1:wkHLiw0WNATZnSG7epLsujiMCgPAc9xhjJ4tgnAxmfM=
github.com/coreos/go-semver v0.3.0/go.mod h1:nnelYz7RCh+5ahJtPPxZlU+153eP4D4r3EedlOD2RNk=
github.com/davecgh/go-spew v1.1.0 h1:ZDRjVQ15GmhC3fiQ8ni8+OwkZQO4DARzQgrnXU1Liz8=
github.com/davecgh/go-spew v1.1.0/go.mod h1:J7Y8YcW2NihsgmVo/mv3lAwl/skON4iLHjSsI+c5H38=
github.com/davecgh/go-spew v1.1.1 h1:vj9j/u1bqnvCEfJOwUhtlOARqs3+rkHYY13jYWTU97c=
github.com/davecgh/go-spew v1.1.1/go.mod h1:J7Y8YcW2NihsgmVo/mv3lAwl/skON4iLHjSsI+c5H38=
github.com/giantswarm/retry-go v0.0.0-20151203102909-d78cea247d5e h1:i3Ox1mmSokDZD9HM8qwUf93IBRURPJK4AA/zsIDyD+E=
github.com/giantswarm/retry-go v0.0.0-20151203102909-d78cea247d5e/go.mod h1:xX0P+GaW6CQzfQGVtHV1wE7cOFkXaHFpDDa1jxr94YE=
github.com/google/gofuzz v1.0.0/go.mod h1:dBl0BpW6vV/+mYPU4Po3pmUjxk6FQPldtuIdl/M65Eg=
github.com/gorilla/context v1.1.1 h1:AWwleXJkX/nhcU9bZSnZoi3h/qGYqQAGhq6zZe/aQW8=
github.com/gorilla/context v1.1.1/go.mod h1:kBGZzfjB9CEq2AlWe17Uuf7NDRt0dE0s8S51q0aT7Yg=
github.com/gorilla/mux v1.3.0 h1:HwSEKGN6U5T2aAQTfu5pW8fiwjSp3IgwdRbkICydk/c=
github.com/gorilla/mux v1.3.0/go.mod h1:1lud6UwP+6orDFRuTfBEV8e9/aOM/c4fVVCaMa2zaAs=
github.com/hashicorp/go-version v0.0.0-20170202080759-03c5bf6be031 h1:c3Xdf5fTpk+hqhxqCO+ymqjfUXV9+GZqNgTtlnVzDos=
github.com/hashicorp/go-version v0.0.0-20170202080759-03c5bf6be031/go.mod h1:fltr4n8CU8Ke44wwGCBoEymUuxUHl09ZGVZPK5anwXA=
github.com/json-iterator/go v1.1.10 h1:Kz6Cvnvv2wGdaG/V8yMvfkmNiXq9Ya2KUv4rouJJr68=
github.com/json-iterator/go v1.1.10/go.mod h1:KdQUCv79m/52Kvf8AW2vK1V8akMuk1QjK/uOdHXbAo4=
github.com/juju/errgo v0.0.0-20140925100237-08cceb5d0b53 h1:tGpfbOOO0SV3qtMUx8O9RbJeei6VDBwnpQQ0JYIFaVg=
github.com/juju/errgo v0.0.0-20140925100237-08cceb5d0b53/go.mod h1:ZtgUe3RyZisw/AlQjgU9DeO3hqUH9E/bkreI2FLg/QY=
github.com/kr/pretty v0.1.0 h1:L/CwN0zerZDmRFUapSPitk6f+Q3+0za1rQkzVuMiMFI=
github.com/kr/pretty v0.1.0/go.mod h1:dAy3ld7l9f0ibDNOQOHHMYYIIbhfbHSm3C4ZsoJORNo=
github.com/kr/pty v1.1.1/go.mod h1:pFQYn66WHrOpPYNljwOMqo10TkYh1fy3cYio2l3bCsQ=
github.com/kr/text v0.1.0 h1:45sCR5RtlFHMR4UwH9sdQ5TC8v0qDQCHnXt+kaKSTVE=
github.com/kr/text v0.1.0/go.mod h1:4Jbv+DJW3UT/LiOwJeYQe1efqtUx/iVham/4vfdArNI=
github.com/modern-go/concurrent v0.0.0-20180228061459-e0a39a4cb421 h1:ZqeYNhU3OHLH3mGKHDcjJRFFRrJa6eAM5H+CtDdOsPc=
github.com/modern-go/concurrent v0.0.0-20180228061459-e0a39a4cb421/go.mod h1:6dJC0mAP4ikYIbvyc7fijjWJddQyLn8Ig3JB5CqoB9Q=
github.com/modern-go/reflect2 v0.0.0-20180701023420-4b7aa43c6742/go.mod h1:bx2lNnkwVCuqBIxFjflWJWanXIb3RllmbCylyMrvgv0=
github.com/modern-go/reflect2 v1.0.1 h1:9f412s+6RmYXLWZSEzVVgPGK7C2PphHj5RJrvfx9AWI=
github.com/modern-go/reflect2 v1.0.1/go.mod h1:bx2lNnkwVCuqBIxFjflWJWanXIb3RllmbCylyMrvgv0=
github.com/pkg/errors v0.8.1-0.20170505043639-c605e284fe17 h1:+adyfd5YBtuLL2FbDEn0GitOinGeMH0levy3o62TMF0=
github.com/pkg/errors v0.8.1-0.20170505043639-c605e284fe17/go.mod h1:bwawxfHBFNV+L2hUp1rHADufV3IMtnDRdf1r5NINEl0=
github.com/pmezard/go-difflib v1.0.0 h1:4DBwDE0NGyQoBHbLQYPwSUPoCMWR5BEzIk/f1lZbAQM=
github.com/pmezard/go-difflib v1.0.0/go.mod h1:iKH77koFhYxTK1pcRnkKkqfTogsbg7gZNVY4sRDYZ/4=
github.com/satori/go.uuid v1.1.0 h1:B9KXyj+GzIpJbV7gmr873NsY6zpbxNy24CBtGrk7jHo=
github.com/satori/go.uuid v1.1.0/go.mod h1:dA0hQrYB0VpLJoorglMZABFdXlWrHn1NEOzdhQKdks0=
github.com/stretchr/objx v0.0.0-20150928122152-1a9d0bb9f541 h1:nvL7eaZN/Zw5emVOGaOclbLMeFO030UrPtWFTUS0p80=
github.com/stretchr/objx v0.0.0-20150928122152-1a9d0bb9f541/go.mod h1:HFkY916IF+rwdDfMAkV7OtwuqBVzrE8GR6GFx+wExME=
github.com/stretchr/objx v0.1.0 h1:4G4v2dO3VZwixGIRoQ5Lfboy6nUhCyYzaqnIAPPhYs4=
github.com/stretchr/objx v0.1.0/go.mod h1:HFkY916IF+rwdDfMAkV7OtwuqBVzrE8GR6GFx+wExME=
github.com/stretchr/testify v1.1.4 h1:ToftOQTytwshuOSj6bDSolVUa3GINfJP/fg3OkkOzQQ=
github.com/stretchr/testify v1.1.4/go.mod h1:a8OnRcib4nhh0OaRAV+Yts87kKdq0PP7pXfy6kDkUVs=
github.com/stretchr/testify v1.3.0 h1:TivCn/peBQ7UY8ooIcPgZFpTNSz0Q2U6UrFlUfqbe0Q=
github.com/stretchr/testify v1.3.0/go.mod h1:M5WIy9Dh21IEIfnGCwXGc5bZfKNJtfHm1UVUgZn+9EI=
github.com/ugorji/go v0.0.0-20170215201144-c88ee250d022 h1:wIYK3i9zY6ZBcWw4GFvoPVwtb45iEm8KyOVmDhSLvsE=
github.com/ugorji/go v0.0.0-20170215201144-c88ee250d022/go.mod h1:hnLbHMwcvSihnDhEfx2/BzKp2xb0Y+ErdfYcrs9tkJQ=
github.com/willf/bitset v1.0.1-0.20161202170036-5c3c0fce4884 h1:tFQJaPzUsI/N0zuUIq+WU35Xtp55nPZtsxxGoTC+rjM=
github.com/willf/bitset v1.0.1-0.20161202170036-5c3c0fce4884/go.mod h1:RjeCKbqT1RxIR/KWY6phxZiaY1IyutSBfGjNPySAYV4=
golang.org/x/net v0.0.0-20170227185932-906cda9512f7 h1:cXTQM7PvYdKO7wZjQ89tHLjH+eEhiCNOEsZtyz9WRSk=
golang.org/x/net v0.0.0-20170227185932-906cda9512f7/go.mod h1:mL1N/T3taQHkDXs73rZJwtUhF3w3ftmwwsq0BUmARs4=
golang.org/x/sys v0.0.0-20170329061634-9a7256cb28ed h1:1RoWulWaFGB+t8NExLratqmgydjWzGMhG2wyOqZxifQ=
golang.org/x/sys v0.0.0-20170329061634-9a7256cb28ed/go.mod h1:STP8DvDyc/dI5b8T5hshtkjS+E42TnysNCUPdjciGhY=
gopkg.in/check.v1 v1.0.0-20190902080502-41f04d3bba15 h1:YR8cESwS4TdDjEe65xsg0ogRM/Nc3DYOhEAlW+xobZo=
gopkg.in/check.v1 v1.0.0-20190902080502-41f04d3bba15/go.mod h1:Co6ibVJAznAaIkqp8huTwlJQCZ016jof/cbN4VW5Yz0=
